# This file is automatically @generated by Poetry 1.4.2 and should not be changed by hand.

[[package]]
name = "chardet"
version = "5.2.0"
description = "Universal encoding detector for Python 3"
category = "main"
optional = false
python-versions = ">=3.7"
files = [
    {file = "chardet-5.2.0-py3-none-any.whl", hash = "sha256:e1cf59446890a00105fe7b7912492ea04b6e6f06d4b742b2c788469e34c82970"},
    {file = "chardet-5.2.0.tar.gz", hash = "sha256:1b3b6ff479a8c414bc3fa2c0852995695c4a026dcd6d0633b2dd092ca39c1cf7"},
]

[[package]]
name = "polars"
version = "0.19.5"
description = "Blazingly fast DataFrame library"
category = "main"
optional = false
python-versions = ">=3.8"
files = [
    {file = "polars-0.19.5-cp38-abi3-macosx_10_7_x86_64.whl", hash = "sha256:f16b157efd18940a6bc44a44aa3d877ee55a56777c512b54121bd6b516ed1411"},
    {file = "polars-0.19.5-cp38-abi3-macosx_11_0_arm64.whl", hash = "sha256:2ebe993b3fa9de48e54216456afc3b26650c87f44a6b1f22247972908a66281d"},
    {file = "polars-0.19.5-cp38-abi3-manylinux_2_17_aarch64.manylinux2014_aarch64.whl", hash = "sha256:7a33d170951e7cfe18888b6e97a87b99fa06e32842ddea646984fcfd4e03d3bd"},
    {file = "polars-0.19.5-cp38-abi3-manylinux_2_17_x86_64.manylinux2014_x86_64.whl", hash = "sha256:01c25e9a59e9562c5947a54054053afaf0953fcaaf6981114cfeaf42df390404"},
    {file = "polars-0.19.5-cp38-abi3-win_amd64.whl", hash = "sha256:e38aa98f916ccb5fef7454e674e3621d40000545b15abb8b4cc7330f7ca2551c"},
    {file = "polars-0.19.5.tar.gz", hash = "sha256:e608943ee91de0569c5cf1fb474fc6b83f280d006c0a26ff37363fa1cb97d4a9"},
]

[package.extras]
adbc = ["adbc_driver_sqlite"]
all = ["polars[adbc,cloudpickle,connectorx,deltalake,fsspec,gevent,matplotlib,numpy,pandas,pyarrow,pydantic,pyiceberg,sqlalchemy,timezone,xlsx2csv,xlsxwriter]"]
cloudpickle = ["cloudpickle"]
connectorx = ["connectorx"]
deltalake = ["deltalake (>=0.10.0)"]
fsspec = ["fsspec"]
gevent = ["gevent"]
matplotlib = ["matplotlib"]
numpy = ["numpy (>=1.16.0)"]
openpyxl = ["openpyxl (>=3.0.0)"]
pandas = ["pandas", "pyarrow (>=7.0.0)"]
pyarrow = ["pyarrow (>=7.0.0)"]
pydantic = ["pydantic"]
pyiceberg = ["pyiceberg (>=0.5.0)"]
pyxlsb = ["pyxlsb (>=1.0)"]
sqlalchemy = ["pandas", "sqlalchemy"]
timezone = ["backports.zoneinfo", "tzdata"]
xlsx2csv = ["xlsx2csv (>=0.8.0)"]
xlsxwriter = ["xlsxwriter"]

[metadata]
lock-version = "2.0"
python-versions = "^3.11"
content-hash = "1586042c1587c250c349f031b90115dc83a797deb8e0ada0722d796fec65cf65"
